
Microsoft Visual Studio Solution File, Format Version 12.00
# Visual Studio Version 17
VisualStudioVersion = 17.14.36414.22 d17.14
MinimumVisualStudioVersion = 10.0.40219.1
Project("{FAE04EC0-301F-11D3-BF4B-00C04F79EFBC}") = "JSONToObj", "JSONToObj\JSONToObj.csproj", "{B1D595AA-240A-44A7-995D-01FDBB37AAF0}"
EndProject
Global
	GlobalSection(SolutionConfigurationPlatforms) = preSolution
		Debug|Any CPU = Debug|Any CPU
		Release|Any CPU = Release|Any CPU
	EndGlobalSection
	GlobalSection(ProjectConfigurationPlatforms) = postSolution
		{B1D595AA-240A-44A7-995D-01FDBB37AAF0}.Debug|Any CPU.ActiveCfg = Debug|Any CPU
		{B1D595AA-240A-44A7-995D-01FDBB37AAF0}.Debug|Any CPU.Build.0 = Debug|Any CPU
		{B1D595AA-240A-44A7-995D-01FDBB37AAF0}.Release|Any CPU.ActiveCfg = Release|Any CPU
		{B1D595AA-240A-44A7-995D-01FDBB37AAF0}.Release|Any CPU.Build.0 = Release|Any CPU
	EndGlobalSection
	GlobalSection(SolutionProperties) = preSolution
		HideSolutionNode = FALSE
	EndGlobalSection
	GlobalSection(ExtensibilityGlobals) = postSolution
		SolutionGuid = {662BB7AB-47A6-4C13-A688-6FB2C6E17E9D}
	EndGlobalSection
EndGlobal
